
Microsoft Visual Studio Solution File, Format Version 12.00
# Visual Studio 15
VisualStudioVersion = 15.0.28010.2003
MinimumVisualStudioVersion = 10.0.40219.1
Project("{FAE04EC0-301F-11D3-BF4B-00C04F79EFBC}") = "AngularJSCRUDApp", "AngularJSCRUDApp\AngularJSCRUDApp.csproj", "{5AD0FB0A-2012-4F39-A1C0-BC17D5794D9E}"
EndProject
Project("{FAE04EC0-301F-11D3-BF4B-00C04F79EFBC}") = "AngularJSCRUDApp.Tests", "AngularJSCRUDApp.Tests\AngularJSCRUDApp.Tests.csproj", "{FAC99EAC-627E-4B2C-8391-06BDB74BEC61}"
EndProject
Project("{E53339B2-1760-4266-BCC7-CA923CBCF16C}") = "docker-compose", "docker-compose.dcproj", "{3A4932BC-6454-49CD-A6FA-C3A9605AA9D3}"
EndProject
Global
	GlobalSection(SolutionConfigurationPlatforms) = preSolution
		Debug|Any CPU = Debug|Any CPU
		Release|Any CPU = Release|Any CPU
	EndGlobalSection
	GlobalSection(ProjectConfigurationPlatforms) = postSolution
		{5AD0FB0A-2012-4F39-A1C0-BC17D5794D9E}.Debug|Any CPU.ActiveCfg = Debug|Any CPU
		{5AD0FB0A-2012-4F39-A1C0-BC17D5794D9E}.Debug|Any CPU.Build.0 = Debug|Any CPU
		{5AD0FB0A-2012-4F39-A1C0-BC17D5794D9E}.Release|Any CPU.ActiveCfg = Release|Any CPU
		{5AD0FB0A-2012-4F39-A1C0-BC17D5794D9E}.Release|Any CPU.Build.0 = Release|Any CPU
		{FAC99EAC-627E-4B2C-8391-06BDB74BEC61}.Debug|Any CPU.ActiveCfg = Debug|Any CPU
		{FAC99EAC-627E-4B2C-8391-06BDB74BEC61}.Debug|Any CPU.Build.0 = Debug|Any CPU
		{FAC99EAC-627E-4B2C-8391-06BDB74BEC61}.Release|Any CPU.ActiveCfg = Release|Any CPU
		{FAC99EAC-627E-4B2C-8391-06BDB74BEC61}.Release|Any CPU.Build.0 = Release|Any CPU
		{3A4932BC-6454-49CD-A6FA-C3A9605AA9D3}.Debug|Any CPU.ActiveCfg = Debug|Any CPU
		{3A4932BC-6454-49CD-A6FA-C3A9605AA9D3}.Debug|Any CPU.Build.0 = Debug|Any CPU
		{3A4932BC-6454-49CD-A6FA-C3A9605AA9D3}.Release|Any CPU.ActiveCfg = Release|Any CPU
		{3A4932BC-6454-49CD-A6FA-C3A9605AA9D3}.Release|Any CPU.Build.0 = Release|Any CPU
	EndGlobalSection
	GlobalSection(SolutionProperties) = preSolution
		HideSolutionNode = FALSE
	EndGlobalSection
	GlobalSection(ExtensibilityGlobals) = postSolution
		SolutionGuid = {3CA231FA-A368-4F94-BB56-86F15BA34431}
	EndGlobalSection
EndGlobal
